
Microsoft Visual Studio Solution File, Format Version 12.00
# Visual Studio Version 17
VisualStudioVersion = 17.13.35825.156 d17.13
MinimumVisualStudioVersion = 10.0.40219.1
Project("{FAE04EC0-301F-11D3-BF4B-00C04F79EFBC}") = "HelloWorldWinform", "HelloWorldWinform.csproj", "{AC963338-F6CC-4267-B7A2-BC4B8D6B9C97}"
EndProject
Global
	GlobalSection(SolutionConfigurationPlatforms) = preSolution
		Debug|Any CPU = Debug|Any CPU
		Release|Any CPU = Release|Any CPU
	EndGlobalSection
	GlobalSection(ProjectConfigurationPlatforms) = postSolution
		{AC963338-F6CC-4267-B7A2-BC4B8D6B9C97}.Debug|Any CPU.ActiveCfg = Debug|Any CPU
		{AC963338-F6CC-4267-B7A2-BC4B8D6B9C97}.Debug|Any CPU.Build.0 = Debug|Any CPU
		{AC963338-F6CC-4267-B7A2-BC4B8D6B9C97}.Release|Any CPU.ActiveCfg = Release|Any CPU
		{AC963338-F6CC-4267-B7A2-BC4B8D6B9C97}.Release|Any CPU.Build.0 = Release|Any CPU
	EndGlobalSection
	GlobalSection(SolutionProperties) = preSolution
		HideSolutionNode = FALSE
	EndGlobalSection
	GlobalSection(ExtensibilityGlobals) = postSolution
		SolutionGuid = {685B2FA3-630B-495F-B3D2-9DFEC6C4D324}
	EndGlobalSection
EndGlobal
